{
  "lockfileVersion": 1,
  "configVersion": 1,
  "workspaces": {
    "": {
      "name": "xs-code-init",
      "devDependencies": {
        "@sandbank.dev/agent": "latest",
        "@sandbank.dev/boxlite": "latest",
        "@sandbank.dev/core": "latest",
        "@sandbank.dev/db9": "latest",
        "@sandbank.dev/relay": "latest",
        "@sandbank.dev/skills": "latest",
        "turbo": "latest",
      },
    },
  },
  "packages": {
    "@sandbank.dev/agent": ["@sandbank.dev/agent@0.2.0", "https://registry.npmmirror.com/@sandbank.dev/agent/-/agent-0.2.0.tgz", { "peerDependencies": { "@sandbank.dev/core": "^0.2.0" }, "bin": { "sandbank-agent": "dist/cli.js" } }, "sha512-2RkMe2XMlcoEdS1q9hu8Rdbgb2sTKkb7h+ndBVeXCzxn/tPgQXF31lpsWP3g1cGaSxx6dkqS+vDwMKdLxXRSSA=="],

    "@sandbank.dev/boxlite": ["@sandbank.dev/boxlite@0.4.1", "https://registry.npmmirror.com/@sandbank.dev/boxlite/-/boxlite-0.4.1.tgz", { "dependencies": { "@sandbank.dev/core": "^0.3.5" } }, "sha512-jccNwsOrgOGWfMTVXLpdj1jAwQNCkd4Sasj+vQsUglWYmJCAzgRp0f9d+KCOfPb2spN3+ggKsK5mtHCuj1pbdA=="],

    "@sandbank.dev/core": ["@sandbank.dev/core@0.3.6", "https://registry.npmmirror.com/@sandbank.dev/core/-/core-0.3.6.tgz", { "peerDependencies": { "@sandbank.dev/relay": "^0.2.1" }, "optionalPeers": ["@sandbank.dev/relay"] }, "sha512-2u6b7QZz8A7r2YFjyZxQ+8cm6AbQ1DPWvb92oGoYzHmO+kedm4a60cX/MO1KkDXib3xrxtWhSKPvmQWuietYXw=="],

    "@sandbank.dev/db9": ["@sandbank.dev/db9@0.2.0", "https://registry.npmmirror.com/@sandbank.dev/db9/-/db9-0.2.0.tgz", { "dependencies": { "@sandbank.dev/core": "^0.2.0" } }, "sha512-1g1nA1mThqR7rWlsRhAwpc1B5eiMVOWK52BvoC83O/Orti9UkEmHCnEyhu04io09HlPk+J6zoIoauGi8ZkfQAA=="],

    "@sandbank.dev/relay": ["@sandbank.dev/relay@0.2.1", "https://registry.npmmirror.com/@sandbank.dev/relay/-/relay-0.2.1.tgz", { "dependencies": { "ws": "^8.18.0" }, "peerDependencies": { "@sandbank.dev/core": "^0.3.5" } }, "sha512-6o6J0yr9EyCeUuTTe6il9Sts4Ul00e7OZL9iGz/5GDer7/V9+BOCsG7zsVVz3YyaPr08l80XOTDGrpZVXmAj3w=="],

    "@sandbank.dev/skills": ["@sandbank.dev/skills@0.2.0", "https://registry.npmmirror.com/@sandbank.dev/skills/-/skills-0.2.0.tgz", { "dependencies": { "@sandbank.dev/core": "^0.2.0" } }, "sha512-4qKkg0AJuqYI626FR3ZinAq+RbN0apyEhucLZrjMpA9C6ANGHnQAmHQgUcs86TJWWw5QOQki6C195zCYh70Byg=="],

    "@turbo/darwin-64": ["@turbo/darwin-64@2.8.20", "https://registry.npmmirror.com/@turbo/darwin-64/-/darwin-64-2.8.20.tgz", { "os": "darwin", "cpu": "x64" }, "sha512-FQ9EX1xMU5nbwjxXxM3yU88AQQ6Sqc6S44exPRroMcx9XZHqqppl5ymJF0Ig/z3nvQNwDmz1Gsnvxubo+nXWjQ=="],

    "@turbo/darwin-arm64": ["@turbo/darwin-arm64@2.8.20", "https://registry.npmmirror.com/@turbo/darwin-arm64/-/darwin-arm64-2.8.20.tgz", { "os": "darwin", "cpu": "arm64" }, "sha512-Gpyh9ATFGThD6/s9L95YWY54cizg/VRWl2B67h0yofG8BpHf67DFAh9nuJVKG7bY0+SBJDAo5cMur+wOl9YOYw=="],

    "@turbo/linux-64": ["@turbo/linux-64@2.8.20", "https://registry.npmmirror.com/@turbo/linux-64/-/linux-64-2.8.20.tgz", { "os": "linux", "cpu": "x64" }, "sha512-p2QxWUYyYUgUFG0b0kR+pPi8t7c9uaVlRtjTTI1AbCvVqkpjUfCcReBn6DgG/Hu8xrWdKLuyQFaLYFzQskZbcA=="],

    "@turbo/linux-arm64": ["@turbo/linux-arm64@2.8.20", "https://registry.npmmirror.com/@turbo/linux-arm64/-/linux-arm64-2.8.20.tgz", { "os": "linux", "cpu": "arm64" }, "sha512-Gn5yjlZGLRZWarLWqdQzv0wMqyBNIdq1QLi48F1oY5Lo9kiohuf7BPQWtWxeNVS2NgJ1+nb/DzK1JduYC4AWOA=="],

    "@turbo/windows-64": ["@turbo/windows-64@2.8.20", "https://registry.npmmirror.com/@turbo/windows-64/-/windows-64-2.8.20.tgz", { "os": "win32", "cpu": "x64" }, "sha512-vyaDpYk/8T6Qz5V/X+ihKvKFEZFUoC0oxYpC1sZanK6gaESJlmV3cMRT3Qhcg4D2VxvtC2Jjs9IRkrZGL+exLw=="],

    "@turbo/windows-arm64": ["@turbo/windows-arm64@2.8.20", "https://registry.npmmirror.com/@turbo/windows-arm64/-/windows-arm64-2.8.20.tgz", { "os": "win32", "cpu": "arm64" }, "sha512-voicVULvUV5yaGXo0Iue13BcHGYW3u0VgqSbfQwBaHbpj1zLjYV4KIe+7fYIo6DO8FVUJzxFps3ODCQG/Wy2Qw=="],

    "turbo": ["turbo@2.8.20", "https://registry.npmmirror.com/turbo/-/turbo-2.8.20.tgz", { "optionalDependencies": { "@turbo/darwin-64": "2.8.20", "@turbo/darwin-arm64": "2.8.20", "@turbo/linux-64": "2.8.20", "@turbo/linux-arm64": "2.8.20", "@turbo/windows-64": "2.8.20", "@turbo/windows-arm64": "2.8.20" }, "bin": { "turbo": "bin/turbo" } }, "sha512-Rb4qk5YT8RUwwdXtkLpkVhNEe/lor6+WV7S5tTlLpxSz6MjV5Qi8jGNn4gS6NAvrYGA/rNrE6YUQM85sCZUDbQ=="],

    "ws": ["ws@8.20.0", "https://registry.npmmirror.com/ws/-/ws-8.20.0.tgz", { "peerDependencies": { "bufferutil": "^4.0.1", "utf-8-validate": ">=5.0.2" }, "optionalPeers": ["bufferutil", "utf-8-validate"] }, "sha512-sAt8BhgNbzCtgGbt2OxmpuryO63ZoDk/sqaB/znQm94T4fCEsy/yV+7CdC1kJhOU9lboAEU7R3kquuycDoibVA=="],

    "@sandbank.dev/db9/@sandbank.dev/core": ["@sandbank.dev/core@0.2.1", "https://registry.npmmirror.com/@sandbank.dev/core/-/core-0.2.1.tgz", { "peerDependencies": { "@sandbank.dev/relay": "workspace:*" }, "optionalPeers": ["@sandbank.dev/relay"] }, "sha512-g63h53/EU1nh1EhZUS4KbBoAvKKN5/1R9jguDDp3MBOa5QRuBXixaMJdi5RmjH5rRxYR5sogE9K8+L7kk7GySg=="],

    "@sandbank.dev/skills/@sandbank.dev/core": ["@sandbank.dev/core@0.2.1", "https://registry.npmmirror.com/@sandbank.dev/core/-/core-0.2.1.tgz", { "peerDependencies": { "@sandbank.dev/relay": "workspace:*" }, "optionalPeers": ["@sandbank.dev/relay"] }, "sha512-g63h53/EU1nh1EhZUS4KbBoAvKKN5/1R9jguDDp3MBOa5QRuBXixaMJdi5RmjH5rRxYR5sogE9K8+L7kk7GySg=="],
  }
}
